
Microsoft Visual Studio Solution File, Format Version 11.00
# Visual Studio 2010
Project("{FAE04EC0-301F-11D3-BF4B-00C04F79EFBC}") = "ConsoleTest", "ConsoleTest\ConsoleTest.csproj", "{039AC471-879C-471C-A951-F0C516AA4717}"
EndProject
Project("{FAE04EC0-301F-11D3-BF4B-00C04F79EFBC}") = "TodoLibrary", "TodoLibrary\TodoLibrary.csproj", "{0F6A72EE-9DA3-4702-867A-E40AFE8138B2}"
EndProject
Project("{FAE04EC0-301F-11D3-BF4B-00C04F79EFBC}") = "TodoServerLibrary", "TodoServerLibrary\TodoServerLibrary.csproj", "{4536FB39-F7C5-4BF0-8E61-9B7225AE2DD4}"
EndProject
Project("{FAE04EC0-301F-11D3-BF4B-00C04F79EFBC}") = "TodoService", "TodoService\TodoService.csproj", "{1ED149B8-714C-47D8-8A6B-97DB663D9519}"
EndProject
Global
	GlobalSection(SolutionConfigurationPlatforms) = preSolution
		Debug|Any CPU = Debug|Any CPU
		Release|Any CPU = Release|Any CPU
	EndGlobalSection
	GlobalSection(ProjectConfigurationPlatforms) = postSolution
		{039AC471-879C-471C-A951-F0C516AA4717}.Debug|Any CPU.ActiveCfg = Debug|Any CPU
		{039AC471-879C-471C-A951-F0C516AA4717}.Debug|Any CPU.Build.0 = Debug|Any CPU
		{039AC471-879C-471C-A951-F0C516AA4717}.Release|Any CPU.ActiveCfg = Release|Any CPU
		{039AC471-879C-471C-A951-F0C516AA4717}.Release|Any CPU.Build.0 = Release|Any CPU
		{0F6A72EE-9DA3-4702-867A-E40AFE8138B2}.Debug|Any CPU.ActiveCfg = Debug|Any CPU
		{0F6A72EE-9DA3-4702-867A-E40AFE8138B2}.Debug|Any CPU.Build.0 = Debug|Any CPU
		{0F6A72EE-9DA3-4702-867A-E40AFE8138B2}.Release|Any CPU.ActiveCfg = Release|Any CPU
		{0F6A72EE-9DA3-4702-867A-E40AFE8138B2}.Release|Any CPU.Build.0 = Release|Any CPU
		{4536FB39-F7C5-4BF0-8E61-9B7225AE2DD4}.Debug|Any CPU.ActiveCfg = Debug|Any CPU
		{4536FB39-F7C5-4BF0-8E61-9B7225AE2DD4}.Debug|Any CPU.Build.0 = Debug|Any CPU
		{4536FB39-F7C5-4BF0-8E61-9B7225AE2DD4}.Release|Any CPU.ActiveCfg = Release|Any CPU
		{4536FB39-F7C5-4BF0-8E61-9B7225AE2DD4}.Release|Any CPU.Build.0 = Release|Any CPU
		{1ED149B8-714C-47D8-8A6B-97DB663D9519}.Debug|Any CPU.ActiveCfg = Debug|Any CPU
		{1ED149B8-714C-47D8-8A6B-97DB663D9519}.Debug|Any CPU.Build.0 = Debug|Any CPU
		{1ED149B8-714C-47D8-8A6B-97DB663D9519}.Release|Any CPU.ActiveCfg = Release|Any CPU
		{1ED149B8-714C-47D8-8A6B-97DB663D9519}.Release|Any CPU.Build.0 = Release|Any CPU
	EndGlobalSection
	GlobalSection(SolutionProperties) = preSolution
		HideSolutionNode = FALSE
	EndGlobalSection
	GlobalSection(MonoDevelopProperties) = preSolution
		StartupItem = ConsoleTest\ConsoleTest.csproj
	EndGlobalSection
EndGlobal
